
Microsoft Visual Studio Solution File, Format Version 12.00
# Visual Studio Version 17
VisualStudioVersion = 17.6.33723.286
MinimumVisualStudioVersion = 10.0.40219.1
Project("{FAE04EC0-301F-11D3-BF4B-00C04F79EFBC}") = "Algorytmy_sekwencyjne_2", "Algorytmy_sekwencyjne_2\Algorytmy_sekwencyjne_2.csproj", "{BDC08543-26DB-455D-B17D-1DED903889ED}"
EndProject
Global
	GlobalSection(SolutionConfigurationPlatforms) = preSolution
		Debug|Any CPU = Debug|Any CPU
		Release|Any CPU = Release|Any CPU
	EndGlobalSection
	GlobalSection(ProjectConfigurationPlatforms) = postSolution
		{BDC08543-26DB-455D-B17D-1DED903889ED}.Debug|Any CPU.ActiveCfg = Debug|Any CPU
		{BDC08543-26DB-455D-B17D-1DED903889ED}.Debug|Any CPU.Build.0 = Debug|Any CPU
		{BDC08543-26DB-455D-B17D-1DED903889ED}.Release|Any CPU.ActiveCfg = Release|Any CPU
		{BDC08543-26DB-455D-B17D-1DED903889ED}.Release|Any CPU.Build.0 = Release|Any CPU
	EndGlobalSection
	GlobalSection(SolutionProperties) = preSolution
		HideSolutionNode = FALSE
	EndGlobalSection
	GlobalSection(ExtensibilityGlobals) = postSolution
		SolutionGuid = {A9F09452-2C2E-4577-9927-1ADF69F643AC}
	EndGlobalSection
EndGlobal
