
Microsoft Visual Studio Solution File, Format Version 12.00
# Visual Studio Version 17
VisualStudioVersion = 17.6.33723.286
MinimumVisualStudioVersion = 10.0.40219.1
Project("{FAE04EC0-301F-11D3-BF4B-00C04F79EFBC}") = "Algorytmy_sekwencyjne_1", "Algorytmy_sekwencyjne_1\Algorytmy_sekwencyjne_1.csproj", "{66A58E95-6DFD-4540-841B-E94F363DE9B1}"
EndProject
Global
	GlobalSection(SolutionConfigurationPlatforms) = preSolution
		Debug|Any CPU = Debug|Any CPU
		Release|Any CPU = Release|Any CPU
	EndGlobalSection
	GlobalSection(ProjectConfigurationPlatforms) = postSolution
		{66A58E95-6DFD-4540-841B-E94F363DE9B1}.Debug|Any CPU.ActiveCfg = Debug|Any CPU
		{66A58E95-6DFD-4540-841B-E94F363DE9B1}.Debug|Any CPU.Build.0 = Debug|Any CPU
		{66A58E95-6DFD-4540-841B-E94F363DE9B1}.Release|Any CPU.ActiveCfg = Release|Any CPU
		{66A58E95-6DFD-4540-841B-E94F363DE9B1}.Release|Any CPU.Build.0 = Release|Any CPU
	EndGlobalSection
	GlobalSection(SolutionProperties) = preSolution
		HideSolutionNode = FALSE
	EndGlobalSection
	GlobalSection(ExtensibilityGlobals) = postSolution
		SolutionGuid = {840616FE-D275-4AFA-919F-2245C653F7E5}
	EndGlobalSection
EndGlobal
